
Microsoft Visual Studio Solution File, Format Version 12.00
# Visual Studio Version 17
VisualStudioVersion = 17.2.32526.322
MinimumVisualStudioVersion = 10.0.40219.1
Project("{9A19103F-16F7-4668-BE54-9A1E7A4F7556}") = "Puzzle1", "adventpuzzle\Puzzle1.csproj", "{0D00F611-95ED-48B2-84A1-12B779EC1AAF}"
EndProject
Project("{FAE04EC0-301F-11D3-BF4B-00C04F79EFBC}") = "Puzzle2", "Puzzle2\Puzzle2.csproj", "{9715868D-5C1B-4A2D-AD19-B0C7DA9EDC9E}"
EndProject
Project("{FAE04EC0-301F-11D3-BF4B-00C04F79EFBC}") = "Puzzle3", "Puzzle3\Puzzle3.csproj", "{D5ED2A59-420F-4468-8D9C-A9F345624360}"
EndProject
Project("{FAE04EC0-301F-11D3-BF4B-00C04F79EFBC}") = "Puzzle4", "Puzzle4\Puzzle4.csproj", "{DAE777A2-AFFB-42B3-9DB5-A58B9C814C84}"
EndProject
Project("{FAE04EC0-301F-11D3-BF4B-00C04F79EFBC}") = "Puzzle5", "Puzzle5\Puzzle5.csproj", "{BE4DB564-731B-4746-B95B-49EE20E547E0}"
EndProject
Project("{FAE04EC0-301F-11D3-BF4B-00C04F79EFBC}") = "Puzzle6", "Puzzle6\Puzzle6.csproj", "{0D2418F1-EDCC-4F5F-8B54-4F77C1D3AF2F}"
EndProject
Project("{FAE04EC0-301F-11D3-BF4B-00C04F79EFBC}") = "Puzzle7", "Puzzle7\Puzzle7.csproj", "{15EDBCF0-9AC4-42AA-A2A0-2ADA0C85FB8F}"
EndProject
Project("{FAE04EC0-301F-11D3-BF4B-00C04F79EFBC}") = "Puzzle8", "Puzzle8\Puzzle8.csproj", "{2BA796A7-0FA9-4DE2-8B27-418A3D155A77}"
EndProject
Project("{FAE04EC0-301F-11D3-BF4B-00C04F79EFBC}") = "Puzzle9", "Puzzle9\Puzzle9.csproj", "{2F167960-21D9-4B0C-94EB-746F1EC22145}"
EndProject
Global
	GlobalSection(SolutionConfigurationPlatforms) = preSolution
		Debug|Any CPU = Debug|Any CPU
		Release|Any CPU = Release|Any CPU
	EndGlobalSection
	GlobalSection(ProjectConfigurationPlatforms) = postSolution
		{0D00F611-95ED-48B2-84A1-12B779EC1AAF}.Debug|Any CPU.ActiveCfg = Debug|Any CPU
		{0D00F611-95ED-48B2-84A1-12B779EC1AAF}.Debug|Any CPU.Build.0 = Debug|Any CPU
		{0D00F611-95ED-48B2-84A1-12B779EC1AAF}.Release|Any CPU.ActiveCfg = Release|Any CPU
		{0D00F611-95ED-48B2-84A1-12B779EC1AAF}.Release|Any CPU.Build.0 = Release|Any CPU
		{9715868D-5C1B-4A2D-AD19-B0C7DA9EDC9E}.Debug|Any CPU.ActiveCfg = Debug|Any CPU
		{9715868D-5C1B-4A2D-AD19-B0C7DA9EDC9E}.Debug|Any CPU.Build.0 = Debug|Any CPU
		{9715868D-5C1B-4A2D-AD19-B0C7DA9EDC9E}.Release|Any CPU.ActiveCfg = Release|Any CPU
		{9715868D-5C1B-4A2D-AD19-B0C7DA9EDC9E}.Release|Any CPU.Build.0 = Release|Any CPU
		{D5ED2A59-420F-4468-8D9C-A9F345624360}.Debug|Any CPU.ActiveCfg = Debug|Any CPU
		{D5ED2A59-420F-4468-8D9C-A9F345624360}.Debug|Any CPU.Build.0 = Debug|Any CPU
		{D5ED2A59-420F-4468-8D9C-A9F345624360}.Release|Any CPU.ActiveCfg = Release|Any CPU
		{D5ED2A59-420F-4468-8D9C-A9F345624360}.Release|Any CPU.Build.0 = Release|Any CPU
		{DAE777A2-AFFB-42B3-9DB5-A58B9C814C84}.Debug|Any CPU.ActiveCfg = Debug|Any CPU
		{DAE777A2-AFFB-42B3-9DB5-A58B9C814C84}.Debug|Any CPU.Build.0 = Debug|Any CPU
		{DAE777A2-AFFB-42B3-9DB5-A58B9C814C84}.Release|Any CPU.ActiveCfg = Release|Any CPU
		{DAE777A2-AFFB-42B3-9DB5-A58B9C814C84}.Release|Any CPU.Build.0 = Release|Any CPU
		{BE4DB564-731B-4746-B95B-49EE20E547E0}.Debug|Any CPU.ActiveCfg = Debug|Any CPU
		{BE4DB564-731B-4746-B95B-49EE20E547E0}.Debug|Any CPU.Build.0 = Debug|Any CPU
		{BE4DB564-731B-4746-B95B-49EE20E547E0}.Release|Any CPU.ActiveCfg = Release|Any CPU
		{BE4DB564-731B-4746-B95B-49EE20E547E0}.Release|Any CPU.Build.0 = Release|Any CPU
		{0D2418F1-EDCC-4F5F-8B54-4F77C1D3AF2F}.Debug|Any CPU.ActiveCfg = Debug|Any CPU
		{0D2418F1-EDCC-4F5F-8B54-4F77C1D3AF2F}.Debug|Any CPU.Build.0 = Debug|Any CPU
		{0D2418F1-EDCC-4F5F-8B54-4F77C1D3AF2F}.Release|Any CPU.ActiveCfg = Release|Any CPU
		{0D2418F1-EDCC-4F5F-8B54-4F77C1D3AF2F}.Release|Any CPU.Build.0 = Release|Any CPU
		{15EDBCF0-9AC4-42AA-A2A0-2ADA0C85FB8F}.Debug|Any CPU.ActiveCfg = Debug|Any CPU
		{15EDBCF0-9AC4-42AA-A2A0-2ADA0C85FB8F}.Debug|Any CPU.Build.0 = Debug|Any CPU
		{15EDBCF0-9AC4-42AA-A2A0-2ADA0C85FB8F}.Release|Any CPU.ActiveCfg = Release|Any CPU
		{15EDBCF0-9AC4-42AA-A2A0-2ADA0C85FB8F}.Release|Any CPU.Build.0 = Release|Any CPU
		{2BA796A7-0FA9-4DE2-8B27-418A3D155A77}.Debug|Any CPU.ActiveCfg = Debug|Any CPU
		{2BA796A7-0FA9-4DE2-8B27-418A3D155A77}.Debug|Any CPU.Build.0 = Debug|Any CPU
		{2BA796A7-0FA9-4DE2-8B27-418A3D155A77}.Release|Any CPU.ActiveCfg = Release|Any CPU
		{2BA796A7-0FA9-4DE2-8B27-418A3D155A77}.Release|Any CPU.Build.0 = Release|Any CPU
		{2F167960-21D9-4B0C-94EB-746F1EC22145}.Debug|Any CPU.ActiveCfg = Debug|Any CPU
		{2F167960-21D9-4B0C-94EB-746F1EC22145}.Debug|Any CPU.Build.0 = Debug|Any CPU
		{2F167960-21D9-4B0C-94EB-746F1EC22145}.Release|Any CPU.ActiveCfg = Release|Any CPU
		{2F167960-21D9-4B0C-94EB-746F1EC22145}.Release|Any CPU.Build.0 = Release|Any CPU
	EndGlobalSection
	GlobalSection(SolutionProperties) = preSolution
		HideSolutionNode = FALSE
	EndGlobalSection
	GlobalSection(ExtensibilityGlobals) = postSolution
		SolutionGuid = {30E688E4-50C8-4EF1-9119-EAB8AF7C55CD}
	EndGlobalSection
EndGlobal
