
Microsoft Visual Studio Solution File, Format Version 12.00
# Visual Studio Version 17
VisualStudioVersion = 17.2.32526.322
MinimumVisualStudioVersion = 10.0.40219.1
Project("{9A19103F-16F7-4668-BE54-9A1E7A4F7556}") = "Puzzle1", "adventpuzzle\Puzzle1.csproj", "{0D00F611-95ED-48B2-84A1-12B779EC1AAF}"
EndProject
Project("{FAE04EC0-301F-11D3-BF4B-00C04F79EFBC}") = "Puzzle2", "Puzzle2\Puzzle2.csproj", "{9715868D-5C1B-4A2D-AD19-B0C7DA9EDC9E}"
EndProject
Global
	GlobalSection(SolutionConfigurationPlatforms) = preSolution
		Debug|Any CPU = Debug|Any CPU
		Release|Any CPU = Release|Any CPU
	EndGlobalSection
	GlobalSection(ProjectConfigurationPlatforms) = postSolution
		{0D00F611-95ED-48B2-84A1-12B779EC1AAF}.Debug|Any CPU.ActiveCfg = Debug|Any CPU
		{0D00F611-95ED-48B2-84A1-12B779EC1AAF}.Debug|Any CPU.Build.0 = Debug|Any CPU
		{0D00F611-95ED-48B2-84A1-12B779EC1AAF}.Release|Any CPU.ActiveCfg = Release|Any CPU
		{0D00F611-95ED-48B2-84A1-12B779EC1AAF}.Release|Any CPU.Build.0 = Release|Any CPU
		{9715868D-5C1B-4A2D-AD19-B0C7DA9EDC9E}.Debug|Any CPU.ActiveCfg = Debug|Any CPU
		{9715868D-5C1B-4A2D-AD19-B0C7DA9EDC9E}.Debug|Any CPU.Build.0 = Debug|Any CPU
		{9715868D-5C1B-4A2D-AD19-B0C7DA9EDC9E}.Release|Any CPU.ActiveCfg = Release|Any CPU
		{9715868D-5C1B-4A2D-AD19-B0C7DA9EDC9E}.Release|Any CPU.Build.0 = Release|Any CPU
	EndGlobalSection
	GlobalSection(SolutionProperties) = preSolution
		HideSolutionNode = FALSE
	EndGlobalSection
	GlobalSection(ExtensibilityGlobals) = postSolution
		SolutionGuid = {30E688E4-50C8-4EF1-9119-EAB8AF7C55CD}
	EndGlobalSection
EndGlobal
